schema: '2.0'
stages:
  build_dataset:
    cmd: uv run src/build_dataset.py data/CICIDS2017_improved
    deps:
    - path: data/CICIDS2017_improved
      hash: md5
      md5: 97448ae36a9acd7110a7c6dafed93e84.dir
      size: 1152270765
      nfiles: 5
    - path: src/build_dataset.py
      hash: md5
      md5: 4071fae42bdb04d5b06f4e2fc1b41743
      size: 5388
    params:
      params.yaml:
        build_dataset.random_state: 42
        build_dataset.test_size: 0.2
    outs:
    - path: data/test/raw
      hash: md5
      md5: ecb5da3b1db599d99340c43f066c3e2f.dir
      size: 40904888
      nfiles: 5
    - path: data/train/raw
      hash: md5
      md5: d69988d999242b5292553f92c11c4fff.dir
      size: 163604865
      nfiles: 17
    - path: result/log/build_dataset.log
      hash: md5
      md5: c91a9a8c345f74f9d7b3ed0515791524
      size: 435
  categorical_binary:
    cmd: uv run src/categorical_binary.py
    deps:
    - path: data/test/raw
      hash: md5
      md5: ecb5da3b1db599d99340c43f066c3e2f.dir
      size: 40904888
      nfiles: 5
    - path: data/train/raw
      hash: md5
      md5: d69988d999242b5292553f92c11c4fff.dir
      size: 163604865
      nfiles: 17
    - path: src/categorical_binary.py
      hash: md5
      md5: 1bd3b170dcea097e9ad8017112a3eb16
      size: 4926
    outs:
    - path: data/test/binary
      hash: md5
      md5: df9057714f9f996755eb3328a6f652a7.dir
      size: 41676263
      nfiles: 5
    - path: data/train/binary
      hash: md5
      md5: 335d184da57992e779ca23dbedb98f74.dir
      size: 166673671
      nfiles: 17
    - path: result/log/categorical_binary.log
      hash: md5
      md5: 75158e7c0a2c512bddd026cf0e9cc521
      size: 1243
  train:
    cmd: uv run src/train.py data/train/sampled_raw
    deps:
    - path: data/train/sampled_raw
      hash: md5
      md5: bbb7758e1c6b58b7467e709c5acbd740.dir
      size: 202135538
      nfiles: 21
    - path: src/train.py
      hash: md5
      md5: 4a6e91d8419a4d3ed2efcd96915cd5cc
      size: 3281
    params:
      params.yaml:
        data_path.train: data/train/sampled_raw
        train.max_depth: 5
    outs:
    - path: models/improved_c45_model.joblib
      hash: md5
      md5: 404c6c6105a6124e9ec5bbafb49efaf8
      size: 5069
    - path: result/log/train.log
      hash: md5
      md5: 152f2c0ad573ce2d45654004bdf47b4f
      size: 494
    - path: result/value_counts.csv
      hash: md5
      md5: a8709f9c0ecf38320880f00c784aa042
      size: 96
  evaluate:
    cmd: uv run src/evaluate.py data/test/raw
    deps:
    - path: data/test/raw
      hash: md5
      md5: ecb5da3b1db599d99340c43f066c3e2f.dir
      size: 40904888
      nfiles: 5
    - path: models/improved_c45_model.joblib
      hash: md5
      md5: 404c6c6105a6124e9ec5bbafb49efaf8
      size: 5069
    - path: src/evaluate.py
      hash: md5
      md5: dfda8c3411c8213c202d7fee76aa7e6f
      size: 3744
    params:
      params.yaml:
        data_path.test: data/test/raw
    outs:
    - path: result/evaluate
      hash: md5
      md5: bd5b10ce7a9fdb85e2996474e23baec0.dir
      size: 5385
      nfiles: 5
    - path: result/log/evaluate.log
      hash: md5
      md5: 3e5aaf382ab3041e21bd011e355392d3
      size: 362
  train_drl:
    cmd: uv run src/train_drl.py data/train/binary
    deps:
    - path: data/train/binary
      hash: md5
      md5: 0c4df962861cbb35b2e9d8cd1389a82b.dir
      size: 145907904
      nfiles: 15
    - path: src/train_drl.py
      hash: md5
      md5: 9d1b050b1541409480d0a572ed354d70
      size: 22598
    params:
      params.yaml:
        train.data_path: data/train/binary
        train_drl.batch_size: 16
        train_drl.eps_decay: 10000000
        train_drl.eps_end: 0.05
        train_drl.eps_start: 0.9
        train_drl.gamma: 0.99
        train_drl.include_category: false
        train_drl.lr: 0.001
        train_drl.max_data_length: 100000
        train_drl.memory_size: 100000
        train_drl.n_episodes: 100
        train_drl.port_dim: 32
        train_drl.protocol_dim: 8
        train_drl.tau: 0.005
        train_drl.update_target_steps: 200
    outs:
    - path: log/train_drl.log
      hash: md5
      md5: b7cb8caf6bec247f6b2f639443eade74
      size: 912
    - path: log/train_result.log
      hash: md5
      md5: 5487370906c08372f15ff45a6ba2eeaa
      size: 35610
    - path: model/drl_model.pth
      hash: md5
      md5: 8af74706c082da07a14b04486165bbe7
      size: 2346989
  evaluate_drl:
    cmd: uv run src/evaluate_drl.py data/test/binary
    deps:
    - path: data/test/binary
      hash: md5
      md5: 15bc6bcdfdf2633da286cb51a7f3f86c.dir
      size: 62455662
      nfiles: 7
    - path: model/drl_model.pth
      hash: md5
      md5: 511ee36fcc72bd2e2c12448a8e506d07
      size: 2346989
    - path: src/evaluate_drl.py
      hash: md5
      md5: d78d529f659bdc89b24a8dffad3a8bdc
      size: 8490
    params:
      params.yaml:
        evaluate.data_path: data/test/binary
        evaluate.plot: true
        evaluate_drl.include_category: false
    outs:
    - path: evaluate/plots
      hash: md5
      md5: 28dd594f0c1920d68bf6f6446abed8a4.dir
      size: 18436
      nfiles: 1
    - path: log/evaluate_drl.log
      hash: md5
      md5: f64ad81735597631232ca4559a342057
      size: 242
  sampling:
    cmd: uv run src/sampling.py
    deps:
    - path: data/train/binary
      hash: md5
      md5: 335d184da57992e779ca23dbedb98f74.dir
      size: 166673671
      nfiles: 17
    - path: data/train/raw
      hash: md5
      md5: d69988d999242b5292553f92c11c4fff.dir
      size: 163604865
      nfiles: 17
    - path: src/sampling.py
      hash: md5
      md5: 3d1e13bb6da3f0f933720adc6fbb4482
      size: 7664
    params:
      params.yaml:
        sampling.method.limit_place: 3
        sampling.method.name: smote
        sampling.method.type: over
    outs:
    - path: data/train/sampled_binary
      hash: md5
      md5: 024ff7a0ad582276a970116db1318848.dir
      size: 205812430
      nfiles: 21
    - path: data/train/sampled_raw
      hash: md5
      md5: bbb7758e1c6b58b7467e709c5acbd740.dir
      size: 202135538
      nfiles: 21
    - path: result/log/sampling.log
      hash: md5
      md5: a805d7cbc36e7ab9cf340fc69d7b0d60
      size: 414
  train_vector_drl:
    cmd: uv run src/train_vector_drl.py
    deps:
    - path: data/test
      hash: md5
      md5: 0737e801146a8cfaf2166b0e7dd6aea9.dir
      size: 82581164
      nfiles: 11
    - path: data/train
      hash: md5
      md5: 4d7626996db3822d3059852365988d82.dir
      size: 738226546
      nfiles: 77
    - path: src/train_vector_drl.py
      hash: md5
      md5: dfa92149c7d136e7eb9d992b459f21c5
      size: 2827
    params:
      params.yaml:
        data_path.test: data/test/raw
        data_path.train: data/train/sampled_raw
        sampling.method.limit_place: 3
        sampling.method.name: smote
        sampling.method.type: over
    outs:
    - path: models/policy_net.pth
      hash: md5
      md5: ca27b4b10734d6fa6417af2e2cae8bde
      size: 675897
    - path: models/target_net.pth
      hash: md5
      md5: 1a66292eda25b1db1ec57a968b2ffc34
      size: 675897
    - path: result/log/train_vector_drl.log
      hash: md5
      md5: 211dc20e526ae56db05bed64a8f8f860
      size: 440
    - path: result/train_vector_drl
      hash: md5
      md5: 8c99afc2fa50c822e85f6eb502a91d6d.dir
      size: 118328
      nfiles: 1
  evaluate_vector_drl:
    cmd: uv run src/evaluate_vector_drl.py
    deps:
    - path: data/test
      hash: md5
      md5: 0737e801146a8cfaf2166b0e7dd6aea9.dir
      size: 82581164
      nfiles: 11
    - path: data/train
      hash: md5
      md5: 4d7626996db3822d3059852365988d82.dir
      size: 738226546
      nfiles: 77
    - path: models/policy_net.pth
      hash: md5
      md5: ca27b4b10734d6fa6417af2e2cae8bde
      size: 675897
    - path: models/target_net.pth
      hash: md5
      md5: 1a66292eda25b1db1ec57a968b2ffc34
      size: 675897
    - path: src/evaluate_vector_drl.py
      hash: md5
      md5: fca5109411392bfb1d085e537d85ce69
      size: 3808
    params:
      params.yaml:
        data_path.test: data/test/raw
        data_path.train: data/train/sampled_raw
        sampling.method.limit_place: 3
        sampling.method.name: smote
        sampling.method.type: over
    outs:
    - path: result/evaluate_vector_drl
      hash: md5
      md5: 340ed3b7d841838dcb3a4bca525902c8.dir
      size: 2567922
      nfiles: 2
    - path: result/log/evaluate_vector_drl.log
      hash: md5
      md5: 9c1e4ebee06ef245cab3421d5fe757d1
      size: 446
