schema: '2.0'
stages:
  build_dataset:
    cmd: uv run src/build_dataset.py data/CICIDS2017_improved
    deps:
    - path: data/CICIDS2017_improved
      hash: md5
      md5: 97448ae36a9acd7110a7c6dafed93e84.dir
      size: 1152270765
      nfiles: 5
    - path: src/build_dataset.py
      hash: md5
      md5: 549c485423c2baa7e0fe91f4409c4721
      size: 5058
    params:
      params.yaml:
        dataset_name: CICIDS2017_improved
    outs:
    - path: data/test/raw
      hash: md5
      md5: d1bea5bd78a93a985bba6933d5ee4727.dir
      size: 61306713
      nfiles: 7
    - path: data/train/raw
      hash: md5
      md5: 0d3a44ba0fa58bfbd0c54533ae76194f.dir
      size: 143222048
      nfiles: 15
    - path: log/build_dataset.log
      hash: md5
      md5: b2a5d15b06d6741453b240b315444a93
      size: 435
  categorical_binary:
    cmd: uv run src/categorical_binary.py
    deps:
    - path: data/test/raw
      hash: md5
      md5: d1bea5bd78a93a985bba6933d5ee4727.dir
      size: 61306713
      nfiles: 7
    - path: data/train/raw
      hash: md5
      md5: 0d3a44ba0fa58bfbd0c54533ae76194f.dir
      size: 143222048
      nfiles: 15
    - path: src/categorical_binary.py
      hash: md5
      md5: 4caa5955a45a96667b03134d9a57103c
      size: 5049
    outs:
    - path: data/test/binary
      hash: md5
      md5: c0e17a58414c29f2fc71ae6631e70490.dir
      size: 62455852
      nfiles: 7
    - path: data/train/binary
      hash: md5
      md5: 84692c09d15a0f8237ec7e249648fcc5.dir
      size: 145908032
      nfiles: 15
    - path: log/categorical_binary.log
      hash: md5
      md5: 5ab1ff43212a77b7fdc50f87d4dc22aa
      size: 1243
  train:
    cmd: uv run src/train.py data/train/binary
    deps:
    - path: data/train/binary
      hash: md5
      md5: 84692c09d15a0f8237ec7e249648fcc5.dir
      size: 145908032
      nfiles: 15
    - path: src/train.py
      hash: md5
      md5: 83be84c37cd0bb2222bcb78a34a67763
      size: 2856
    params:
      params.yaml:
        train.data_path: data/train/binary
    outs:
    - path: log/train.log
      hash: md5
      md5: 8af86fb1932badc3fe2c0ec49d560c0c
      size: 338
    - path: model/improved_c45_model.joblib
      hash: md5
      md5: 2ec92d6fcabf5ee875a32a5167ef4cf8
      size: 5433
  evaluate:
    cmd: uv run src/evaluate.py data/test/binary
    deps:
    - path: data/test/binary
      hash: md5
      md5: c0e17a58414c29f2fc71ae6631e70490.dir
      size: 62455852
      nfiles: 7
    - path: model/improved_c45_model.joblib
      hash: md5
      md5: 2ec92d6fcabf5ee875a32a5167ef4cf8
      size: 5433
    - path: src/evaluate.py
      hash: md5
      md5: baa506876dddbf6003bf4fa68727b404
      size: 3333
    params:
      params.yaml:
        evaluate.data_path: data/test/binary
    outs:
    - path: log/evaluate.log
      hash: md5
      md5: 155cb4e1698ca3bc26c4b2f805f87d94
      size: 132
  train_drl:
    cmd: uv run src/train_drl.py data/train/binary
    deps:
    - path: data/train/binary
      hash: md5
      md5: 84692c09d15a0f8237ec7e249648fcc5.dir
      size: 145908032
      nfiles: 15
    - path: src/train_drl.py
      hash: md5
      md5: ab18149a0d18bb5b8998c8614b56e50d
      size: 22592
    params:
      params.yaml:
        train.data_path: data/train/binary
        train_drl.batch_size: 32
        train_drl.eps_decay: 10000000
        train_drl.eps_end: 0.05
        train_drl.eps_start: 0.9
        train_drl.gamma: 0.99
        train_drl.include_category: false
        train_drl.lr: 0.001
        train_drl.max_data_length: 100000
        train_drl.memory_size: 100000
        train_drl.n_episodes: 10
        train_drl.port_dim: 32
        train_drl.protocol_dim: 8
        train_drl.tau: 0.005
        train_drl.update_target_steps: 200
    outs:
    - path: log/train_drl.log
      hash: md5
      md5: 69e16ed5f12e171b5b24d19a66dfe5ef
      size: 910
    - path: log/train_result.log
      hash: md5
      md5: 6188f0ad35c8823e08bb16c03b10935a
      size: 5540
    - path: model/drl_model.pth
      hash: md5
      md5: 511ee36fcc72bd2e2c12448a8e506d07
      size: 2346989
  evaluate_drl:
    cmd: uv run src/evaluate_drl.py data/test/binary
    deps:
    - path: data/test/binary
      hash: md5
      md5: c0e17a58414c29f2fc71ae6631e70490.dir
      size: 62455852
      nfiles: 7
    - path: model/drl_model.pth
      hash: md5
      md5: 511ee36fcc72bd2e2c12448a8e506d07
      size: 2346989
    - path: src/evaluate_drl.py
      hash: md5
      md5: d78d529f659bdc89b24a8dffad3a8bdc
      size: 8490
    params:
      params.yaml:
        evaluate.data_path: data/test/binary
        evaluate.plot: true
        evaluate_drl.include_category: false
    outs:
    - path: evaluate/plots
      hash: md5
      md5: 28dd594f0c1920d68bf6f6446abed8a4.dir
      size: 18436
      nfiles: 1
    - path: log/evaluate_drl.log
      hash: md5
      md5: f64ad81735597631232ca4559a342057
      size: 242
